// !$*UTF8*$!
{
	archiveVersion = 1;
	classes = {
	};
	objectVersion = 56;
	objects = {

/* Begin PBXBuildFile section */
		040C3EF72AB95F8600354094 /* PhotoVC.swift in Sources */ = {isa = PBXBuildFile; fileRef = 040C3EF62AB95F8600354094 /* PhotoVC.swift */; };
		040C3EFB2ABA37D500354094 /* NewConversationCell.swift in Sources */ = {isa = PBXBuildFile; fileRef = 040C3EFA2ABA37D500354094 /* NewConversationCell.swift */; };
		04105FC52AB34CF800CEDFA4 /* StorageManager.swift in Sources */ = {isa = PBXBuildFile; fileRef = 04105FC42AB34CF800CEDFA4 /* StorageManager.swift */; };
		041A30C02AB210D1008820AB /* ProfileVC.swift in Sources */ = {isa = PBXBuildFile; fileRef = 041A30BF2AB210D1008820AB /* ProfileVC.swift */; };
		0420074F2AB1BB0000C9F983 /* DatabaseManager.swift in Sources */ = {isa = PBXBuildFile; fileRef = 0420074E2AB1BB0000C9F983 /* DatabaseManager.swift */; };
		042397B82AB24B9E00BCF017 /* ChatsVC.swift in Sources */ = {isa = PBXBuildFile; fileRef = 042397B72AB24B9E00BCF017 /* ChatsVC.swift */; };
		042397BA2AB26B1800BCF017 /* Messages.swift in Sources */ = {isa = PBXBuildFile; fileRef = 042397B92AB26B1800BCF017 /* Messages.swift */; };
		042397BC2AB26C1800BCF017 /* Sender.swift in Sources */ = {isa = PBXBuildFile; fileRef = 042397BB2AB26C1800BCF017 /* Sender.swift */; };
		042397BE2AB2731900BCF017 /* NewConversationVC.swift in Sources */ = {isa = PBXBuildFile; fileRef = 042397BD2AB2731900BCF017 /* NewConversationVC.swift */; };
		042CCB852AB6BC3A0018E7A4 /* GoogleService-Info.plist in Resources */ = {isa = PBXBuildFile; fileRef = 042CCB842AB6BC3A0018E7A4 /* GoogleService-Info.plist */; };
		042DFBD42ABAB58E006458FD /* Location.swift in Sources */ = {isa = PBXBuildFile; fileRef = 042DFBD32ABAB58E006458FD /* Location.swift */; };
		042DFBD62ABAB6D7006458FD /* LocationPickerVC.swift in Sources */ = {isa = PBXBuildFile; fileRef = 042DFBD52ABAB6D7006458FD /* LocationPickerVC.swift */; };
		042DFBD82ABACD9C006458FD /* ProfileViewModel.swift in Sources */ = {isa = PBXBuildFile; fileRef = 042DFBD72ABACD9C006458FD /* ProfileViewModel.swift */; };
		043ED0662AB825C400E535CD /* ConversationTableViewCell.swift in Sources */ = {isa = PBXBuildFile; fileRef = 043ED0652AB825C400E535CD /* ConversationTableViewCell.swift */; };
		04DD71B02ABC6E5400C4098E /* ConversationsModels.swift in Sources */ = {isa = PBXBuildFile; fileRef = 04DD71AF2ABC6E5400C4098E /* ConversationsModels.swift */; };
		04DD71B22ABC6ECC00C4098E /* SearchResult.swift in Sources */ = {isa = PBXBuildFile; fileRef = 04DD71B12ABC6ECC00C4098E /* SearchResult.swift */; };
		04DD71B42ABC701600C4098E /* Media.swift in Sources */ = {isa = PBXBuildFile; fileRef = 04DD71B32ABC701600C4098E /* Media.swift */; };
		04DF7B972AB03C620080BC1A /* AppDelegate.swift in Sources */ = {isa = PBXBuildFile; fileRef = 04DF7B962AB03C620080BC1A /* AppDelegate.swift */; };
		04DF7B992AB03C620080BC1A /* SceneDelegate.swift in Sources */ = {isa = PBXBuildFile; fileRef = 04DF7B982AB03C620080BC1A /* SceneDelegate.swift */; };
		04DF7B9B2AB03C620080BC1A /* LoginVC.swift in Sources */ = {isa = PBXBuildFile; fileRef = 04DF7B9A2AB03C620080BC1A /* LoginVC.swift */; };
		04DF7B9E2AB03C620080BC1A /* Main.storyboard in Resources */ = {isa = PBXBuildFile; fileRef = 04DF7B9C2AB03C620080BC1A /* Main.storyboard */; };
		04DF7BA02AB03C640080BC1A /* Assets.xcassets in Resources */ = {isa = PBXBuildFile; fileRef = 04DF7B9F2AB03C640080BC1A /* Assets.xcassets */; };
		04DF7BA32AB03C650080BC1A /* LaunchScreen.storyboard in Resources */ = {isa = PBXBuildFile; fileRef = 04DF7BA12AB03C650080BC1A /* LaunchScreen.storyboard */; };
		04DF7BB12AB042A00080BC1A /* Colors.xcassets in Resources */ = {isa = PBXBuildFile; fileRef = 04DF7BB02AB042A00080BC1A /* Colors.xcassets */; };
		04DF7BB52AB052B70080BC1A /* UIView+Extension.swift in Sources */ = {isa = PBXBuildFile; fileRef = 04DF7BB42AB052B70080BC1A /* UIView+Extension.swift */; };
		04DF7BB82AB052F20080BC1A /* Colors.swift in Sources */ = {isa = PBXBuildFile; fileRef = 04DF7BB72AB052F20080BC1A /* Colors.swift */; };
		04DF7BBA2AB0530F0080BC1A /* UIViewController+Extension.swift in Sources */ = {isa = PBXBuildFile; fileRef = 04DF7BB92AB0530F0080BC1A /* UIViewController+Extension.swift */; };
		04DF7BBE2AB053740080BC1A /* CommonHelper.swift in Sources */ = {isa = PBXBuildFile; fileRef = 04DF7BBD2AB053740080BC1A /* CommonHelper.swift */; };
		04DF7BC02AB05B6D0080BC1A /* RegisterVC.swift in Sources */ = {isa = PBXBuildFile; fileRef = 04DF7BBF2AB05B6D0080BC1A /* RegisterVC.swift */; };
		04DF7BC22AB062B60080BC1A /* ConversationVC.swift in Sources */ = {isa = PBXBuildFile; fileRef = 04DF7BC12AB062B60080BC1A /* ConversationVC.swift */; };
		B95E9A013EB4CC390AF95C1F /* Pods_FlashChat.framework in Frameworks */ = {isa = PBXBuildFile; fileRef = 6903F6C69DC34549D9FE60BA /* Pods_FlashChat.framework */; };
/* End PBXBuildFile section */

/* Begin PBXFileReference section */
		040C3EF62AB95F8600354094 /* PhotoVC.swift */ = {isa = PBXFileReference; lastKnownFileType = sourcecode.swift; path = PhotoVC.swift; sourceTree = "<group>"; };
		040C3EFA2ABA37D500354094 /* NewConversationCell.swift */ = {isa = PBXFileReference; lastKnownFileType = sourcecode.swift; path = NewConversationCell.swift; sourceTree = "<group>"; };
		04105FC42AB34CF800CEDFA4 /* StorageManager.swift */ = {isa = PBXFileReference; lastKnownFileType = sourcecode.swift; path = StorageManager.swift; sourceTree = "<group>"; };
		041A30BF2AB210D1008820AB /* ProfileVC.swift */ = {isa = PBXFileReference; lastKnownFileType = sourcecode.swift; path = ProfileVC.swift; sourceTree = "<group>"; };
		0420074E2AB1BB0000C9F983 /* DatabaseManager.swift */ = {isa = PBXFileReference; lastKnownFileType = sourcecode.swift; path = DatabaseManager.swift; sourceTree = "<group>"; };
		042397B72AB24B9E00BCF017 /* ChatsVC.swift */ = {isa = PBXFileReference; lastKnownFileType = sourcecode.swift; path = ChatsVC.swift; sourceTree = "<group>"; };
		042397B92AB26B1800BCF017 /* Messages.swift */ = {isa = PBXFileReference; lastKnownFileType = sourcecode.swift; path = Messages.swift; sourceTree = "<group>"; };
		042397BB2AB26C1800BCF017 /* Sender.swift */ = {isa = PBXFileReference; lastKnownFileType = sourcecode.swift; path = Sender.swift; sourceTree = "<group>"; };
		042397BD2AB2731900BCF017 /* NewConversationVC.swift */ = {isa = PBXFileReference; lastKnownFileType = sourcecode.swift; path = NewConversationVC.swift; sourceTree = "<group>"; };
		042CCB842AB6BC3A0018E7A4 /* GoogleService-Info.plist */ = {isa = PBXFileReference; fileEncoding = 4; lastKnownFileType = text.plist.xml; path = "GoogleService-Info.plist"; sourceTree = "<group>"; };
		042DFBD32ABAB58E006458FD /* Location.swift */ = {isa = PBXFileReference; lastKnownFileType = sourcecode.swift; path = Location.swift; sourceTree = "<group>"; };
		042DFBD52ABAB6D7006458FD /* LocationPickerVC.swift */ = {isa = PBXFileReference; lastKnownFileType = sourcecode.swift; path = LocationPickerVC.swift; sourceTree = "<group>"; };
		042DFBD72ABACD9C006458FD /* ProfileViewModel.swift */ = {isa = PBXFileReference; lastKnownFileType = sourcecode.swift; path = ProfileViewModel.swift; sourceTree = "<group>"; };
		043ED0652AB825C400E535CD /* ConversationTableViewCell.swift */ = {isa = PBXFileReference; lastKnownFileType = sourcecode.swift; path = ConversationTableViewCell.swift; sourceTree = "<group>"; };
		04DD71AF2ABC6E5400C4098E /* ConversationsModels.swift */ = {isa = PBXFileReference; lastKnownFileType = sourcecode.swift; path = ConversationsModels.swift; sourceTree = "<group>"; };
		04DD71B12ABC6ECC00C4098E /* SearchResult.swift */ = {isa = PBXFileReference; lastKnownFileType = sourcecode.swift; path = SearchResult.swift; sourceTree = "<group>"; };
		04DD71B32ABC701600C4098E /* Media.swift */ = {isa = PBXFileReference; lastKnownFileType = sourcecode.swift; path = Media.swift; sourceTree = "<group>"; };
		04DF7B932AB03C620080BC1A /* FlashChat.app */ = {isa = PBXFileReference; explicitFileType = wrapper.application; includeInIndex = 0; path = FlashChat.app; sourceTree = BUILT_PRODUCTS_DIR; };
		04DF7B962AB03C620080BC1A /* AppDelegate.swift */ = {isa = PBXFileReference; lastKnownFileType = sourcecode.swift; path = AppDelegate.swift; sourceTree = "<group>"; };
		04DF7B982AB03C620080BC1A /* SceneDelegate.swift */ = {isa = PBXFileReference; lastKnownFileType = sourcecode.swift; path = SceneDelegate.swift; sourceTree = "<group>"; };
		04DF7B9A2AB03C620080BC1A /* LoginVC.swift */ = {isa = PBXFileReference; lastKnownFileType = sourcecode.swift; path = LoginVC.swift; sourceTree = "<group>"; };
		04DF7B9D2AB03C620080BC1A /* Base */ = {isa = PBXFileReference; lastKnownFileType = file.storyboard; name = Base; path = Base.lproj/Main.storyboard; sourceTree = "<group>"; };
		04DF7B9F2AB03C640080BC1A /* Assets.xcassets */ = {isa = PBXFileReference; lastKnownFileType = folder.assetcatalog; path = Assets.xcassets; sourceTree = "<group>"; };
		04DF7BA22AB03C650080BC1A /* Base */ = {isa = PBXFileReference; lastKnownFileType = file.storyboard; name = Base; path = Base.lproj/LaunchScreen.storyboard; sourceTree = "<group>"; };
		04DF7BA42AB03C650080BC1A /* Info.plist */ = {isa = PBXFileReference; lastKnownFileType = text.plist.xml; path = Info.plist; sourceTree = "<group>"; };
		04DF7BB02AB042A00080BC1A /* Colors.xcassets */ = {isa = PBXFileReference; lastKnownFileType = folder.assetcatalog; path = Colors.xcassets; sourceTree = "<group>"; };
		04DF7BB42AB052B70080BC1A /* UIView+Extension.swift */ = {isa = PBXFileReference; lastKnownFileType = sourcecode.swift; path = "UIView+Extension.swift"; sourceTree = "<group>"; };
		04DF7BB72AB052F20080BC1A /* Colors.swift */ = {isa = PBXFileReference; lastKnownFileType = sourcecode.swift; path = Colors.swift; sourceTree = "<group>"; };
		04DF7BB92AB0530F0080BC1A /* UIViewController+Extension.swift */ = {isa = PBXFileReference; lastKnownFileType = sourcecode.swift; path = "UIViewController+Extension.swift"; sourceTree = "<group>"; };
		04DF7BBD2AB053740080BC1A /* CommonHelper.swift */ = {isa = PBXFileReference; lastKnownFileType = sourcecode.swift; path = CommonHelper.swift; sourceTree = "<group>"; };
		04DF7BBF2AB05B6D0080BC1A /* RegisterVC.swift */ = {isa = PBXFileReference; lastKnownFileType = sourcecode.swift; path = RegisterVC.swift; sourceTree = "<group>"; };
		04DF7BC12AB062B60080BC1A /* ConversationVC.swift */ = {isa = PBXFileReference; lastKnownFileType = sourcecode.swift; path = ConversationVC.swift; sourceTree = "<group>"; };
		6903F6C69DC34549D9FE60BA /* Pods_FlashChat.framework */ = {isa = PBXFileReference; explicitFileType = wrapper.framework; includeInIndex = 0; path = Pods_FlashChat.framework; sourceTree = BUILT_PRODUCTS_DIR; };
		9EE4F144C2A37C143CDCFC3F /* Pods-FlashChat.debug.xcconfig */ = {isa = PBXFileReference; includeInIndex = 1; lastKnownFileType = text.xcconfig; name = "Pods-FlashChat.debug.xcconfig"; path = "Target Support Files/Pods-FlashChat/Pods-FlashChat.debug.xcconfig"; sourceTree = "<group>"; };
		AFEBA4EC8A0D66DC8C3F1B12 /* Pods-FlashChat.release.xcconfig */ = {isa = PBXFileReference; includeInIndex = 1; lastKnownFileType = text.xcconfig; name = "Pods-FlashChat.release.xcconfig"; path = "Target Support Files/Pods-FlashChat/Pods-FlashChat.release.xcconfig"; sourceTree = "<group>"; };
/* End PBXFileReference section */

/* Begin PBXFrameworksBuildPhase section */
		04DF7B902AB03C620080BC1A /* Frameworks */ = {
			isa = PBXFrameworksBuildPhase;
			buildActionMask = 2147483647;
			files = (
				B95E9A013EB4CC390AF95C1F /* Pods_FlashChat.framework in Frameworks */,
			);
			runOnlyForDeploymentPostprocessing = 0;
		};
/* End PBXFrameworksBuildPhase section */

/* Begin PBXGroup section */
		0420074D2AB1B9CB00C9F983 /* Login */ = {
			isa = PBXGroup;
			children = (
				04DF7BBF2AB05B6D0080BC1A /* RegisterVC.swift */,
				04DF7B9A2AB03C620080BC1A /* LoginVC.swift */,
			);
			path = Login;
			sourceTree = "<group>";
		};
		04DF7B8A2AB03C620080BC1A = {
			isa = PBXGroup;
			children = (
				04DF7B952AB03C620080BC1A /* FlashChat */,
				04DF7B942AB03C620080BC1A /* Products */,
				F22AD596808D0FDA54490239 /* Pods */,
				89E3D2DEE447DF1902CD8309 /* Frameworks */,
			);
			sourceTree = "<group>";
		};
		04DF7B942AB03C620080BC1A /* Products */ = {
			isa = PBXGroup;
			children = (
				04DF7B932AB03C620080BC1A /* FlashChat.app */,
			);
			name = Products;
			sourceTree = "<group>";
		};
		04DF7B952AB03C620080BC1A /* FlashChat */ = {
			isa = PBXGroup;
			children = (
				042CCB842AB6BC3A0018E7A4 /* GoogleService-Info.plist */,
				04DF7BAB2AB03C8C0080BC1A /* Utilities */,
				04DF7BAD2AB03C9F0080BC1A /* Models */,
				04DF7BAA2AB03C820080BC1A /* Views */,
				04DF7BAC2AB03C960080BC1A /* Controllers */,
				04DF7B9F2AB03C640080BC1A /* Assets.xcassets */,
				04DF7BA42AB03C650080BC1A /* Info.plist */,
			);
			path = FlashChat;
			sourceTree = "<group>";
		};
		04DF7BAA2AB03C820080BC1A /* Views */ = {
			isa = PBXGroup;
			children = (
				04DF7B9C2AB03C620080BC1A /* Main.storyboard */,
				04DF7BA12AB03C650080BC1A /* LaunchScreen.storyboard */,
				043ED0652AB825C400E535CD /* ConversationTableViewCell.swift */,
				040C3EFA2ABA37D500354094 /* NewConversationCell.swift */,
			);
			path = Views;
			sourceTree = "<group>";
		};
		04DF7BAB2AB03C8C0080BC1A /* Utilities */ = {
			isa = PBXGroup;
			children = (
				04DF7B962AB03C620080BC1A /* AppDelegate.swift */,
				04DF7B982AB03C620080BC1A /* SceneDelegate.swift */,
				04DF7BBB2AB0534C0080BC1A /* Helper */,
				04DF7BB62AB052E30080BC1A /* Enums */,
				04DF7BB32AB052A00080BC1A /* Extensions */,
				04DF7BAE2AB042770080BC1A /* ProjectDesign */,
			);
			path = Utilities;
			sourceTree = "<group>";
		};
		04DF7BAC2AB03C960080BC1A /* Controllers */ = {
			isa = PBXGroup;
			children = (
				04DF7BC12AB062B60080BC1A /* ConversationVC.swift */,
				042397BD2AB2731900BCF017 /* NewConversationVC.swift */,
				042397B72AB24B9E00BCF017 /* ChatsVC.swift */,
				041A30BF2AB210D1008820AB /* ProfileVC.swift */,
				040C3EF62AB95F8600354094 /* PhotoVC.swift */,
				042DFBD52ABAB6D7006458FD /* LocationPickerVC.swift */,
				0420074D2AB1B9CB00C9F983 /* Login */,
			);
			path = Controllers;
			sourceTree = "<group>";
		};
		04DF7BAD2AB03C9F0080BC1A /* Models */ = {
			isa = PBXGroup;
			children = (
				0420074E2AB1BB0000C9F983 /* DatabaseManager.swift */,
				042397B92AB26B1800BCF017 /* Messages.swift */,
				042397BB2AB26C1800BCF017 /* Sender.swift */,
				04105FC42AB34CF800CEDFA4 /* StorageManager.swift */,
				042DFBD32ABAB58E006458FD /* Location.swift */,
				042DFBD72ABACD9C006458FD /* ProfileViewModel.swift */,
				04DD71AF2ABC6E5400C4098E /* ConversationsModels.swift */,
				04DD71B12ABC6ECC00C4098E /* SearchResult.swift */,
				04DD71B32ABC701600C4098E /* Media.swift */,
			);
			path = Models;
			sourceTree = "<group>";
		};
		04DF7BAE2AB042770080BC1A /* ProjectDesign */ = {
			isa = PBXGroup;
			children = (
				04DF7BAF2AB0428A0080BC1A /* Colors */,
			);
			path = ProjectDesign;
			sourceTree = "<group>";
		};
		04DF7BAF2AB0428A0080BC1A /* Colors */ = {
			isa = PBXGroup;
			children = (
				04DF7BB02AB042A00080BC1A /* Colors.xcassets */,
			);
			path = Colors;
			sourceTree = "<group>";
		};
		04DF7BB32AB052A00080BC1A /* Extensions */ = {
			isa = PBXGroup;
			children = (
				04DF7BB42AB052B70080BC1A /* UIView+Extension.swift */,
				04DF7BB92AB0530F0080BC1A /* UIViewController+Extension.swift */,
			);
			path = Extensions;
			sourceTree = "<group>";
		};
		04DF7BB62AB052E30080BC1A /* Enums */ = {
			isa = PBXGroup;
			children = (
				04DF7BB72AB052F20080BC1A /* Colors.swift */,
			);
			path = Enums;
			sourceTree = "<group>";
		};
		04DF7BBB2AB0534C0080BC1A /* Helper */ = {
			isa = PBXGroup;
			children = (
				04DF7BBD2AB053740080BC1A /* CommonHelper.swift */,
			);
			path = Helper;
			sourceTree = "<group>";
		};
		89E3D2DEE447DF1902CD8309 /* Frameworks */ = {
			isa = PBXGroup;
			children = (
				6903F6C69DC34549D9FE60BA /* Pods_FlashChat.framework */,
			);
			name = Frameworks;
			sourceTree = "<group>";
		};
		F22AD596808D0FDA54490239 /* Pods */ = {
			isa = PBXGroup;
			children = (
				9EE4F144C2A37C143CDCFC3F /* Pods-FlashChat.debug.xcconfig */,
				AFEBA4EC8A0D66DC8C3F1B12 /* Pods-FlashChat.release.xcconfig */,
			);
			path = Pods;
			sourceTree = "<group>";
		};
/* End PBXGroup section */

/* Begin PBXNativeTarget section */
		04DF7B922AB03C620080BC1A /* FlashChat */ = {
			isa = PBXNativeTarget;
			buildConfigurationList = 04DF7BA72AB03C650080BC1A /* Build configuration list for PBXNativeTarget "FlashChat" */;
			buildPhases = (
				CC3FF697C8EC1129CD90FDCA /* [CP] Check Pods Manifest.lock */,
				04DF7B8F2AB03C620080BC1A /* Sources */,
				04DF7B902AB03C620080BC1A /* Frameworks */,
				04DF7B912AB03C620080BC1A /* Resources */,
				703006A21908C9569703D1D3 /* [CP] Embed Pods Frameworks */,
			);
			buildRules = (
			);
			dependencies = (
			);
			name = FlashChat;
			productName = FlashChat;
			productReference = 04DF7B932AB03C620080BC1A /* FlashChat.app */;
			productType = "com.apple.product-type.application";
		};
/* End PBXNativeTarget section */

/* Begin PBXProject section */
		04DF7B8B2AB03C620080BC1A /* Project object */ = {
			isa = PBXProject;
			attributes = {
				BuildIndependentTargetsInParallel = 1;
				LastSwiftUpdateCheck = 1410;
				LastUpgradeCheck = 1410;
				TargetAttributes = {
					04DF7B922AB03C620080BC1A = {
						CreatedOnToolsVersion = 14.1;
					};
				};
			};
			buildConfigurationList = 04DF7B8E2AB03C620080BC1A /* Build configuration list for PBXProject "FlashChat" */;
			compatibilityVersion = "Xcode 14.0";
			developmentRegion = en;
			hasScannedForEncodings = 0;
			knownRegions = (
				en,
				Base,
			);
			mainGroup = 04DF7B8A2AB03C620080BC1A;
			productRefGroup = 04DF7B942AB03C620080BC1A /* Products */;
			projectDirPath = "";
			projectRoot = "";
			targets = (
				04DF7B922AB03C620080BC1A /* FlashChat */,
			);
		};
/* End PBXProject section */

/* Begin PBXResourcesBuildPhase section */
		04DF7B912AB03C620080BC1A /* Resources */ = {
			isa = PBXResourcesBuildPhase;
			buildActionMask = 2147483647;
			files = (
				04DF7BA32AB03C650080BC1A /* LaunchScreen.storyboard in Resources */,
				04DF7BB12AB042A00080BC1A /* Colors.xcassets in Resources */,
				042CCB852AB6BC3A0018E7A4 /* GoogleService-Info.plist in Resources */,
				04DF7BA02AB03C640080BC1A /* Assets.xcassets in Resources */,
				04DF7B9E2AB03C620080BC1A /* Main.storyboard in Resources */,
			);
			runOnlyForDeploymentPostprocessing = 0;
		};
/* End PBXResourcesBuildPhase section */

/* Begin PBXShellScriptBuildPhase section */
		703006A21908C9569703D1D3 /* [CP] Embed Pods Frameworks */ = {
			isa = PBXShellScriptBuildPhase;
			buildActionMask = 2147483647;
			files = (
			);
			inputFileListPaths = (
				"${PODS_ROOT}/Target Support Files/Pods-FlashChat/Pods-FlashChat-frameworks-${CONFIGURATION}-input-files.xcfilelist",
			);
			name = "[CP] Embed Pods Frameworks";
			outputFileListPaths = (
				"${PODS_ROOT}/Target Support Files/Pods-FlashChat/Pods-FlashChat-frameworks-${CONFIGURATION}-output-files.xcfilelist",
			);
			runOnlyForDeploymentPostprocessing = 0;
			shellPath = /bin/sh;
			shellScript = "\"${PODS_ROOT}/Target Support Files/Pods-FlashChat/Pods-FlashChat-frameworks.sh\"\n";
			showEnvVarsInLog = 0;
		};
		CC3FF697C8EC1129CD90FDCA /* [CP] Check Pods Manifest.lock */ = {
			isa = PBXShellScriptBuildPhase;
			buildActionMask = 2147483647;
			files = (
			);
			inputFileListPaths = (
			);
			inputPaths = (
				"${PODS_PODFILE_DIR_PATH}/Podfile.lock",
				"${PODS_ROOT}/Manifest.lock",
			);
			name = "[CP] Check Pods Manifest.lock";
			outputFileListPaths = (
			);
			outputPaths = (
				"$(DERIVED_FILE_DIR)/Pods-FlashChat-checkManifestLockResult.txt",
			);
			runOnlyForDeploymentPostprocessing = 0;
			shellPath = /bin/sh;
			shellScript = "diff \"${PODS_PODFILE_DIR_PATH}/Podfile.lock\" \"${PODS_ROOT}/Manifest.lock\" > /dev/null\nif [ $? != 0 ] ; then\n    # print error to STDERR\n    echo \"error: The sandbox is not in sync with the Podfile.lock. Run 'pod install' or update your CocoaPods installation.\" >&2\n    exit 1\nfi\n# This output is used by Xcode 'outputs' to avoid re-running this script phase.\necho \"SUCCESS\" > \"${SCRIPT_OUTPUT_FILE_0}\"\n";
			showEnvVarsInLog = 0;
		};
/* End PBXShellScriptBuildPhase section */

/* Begin PBXSourcesBuildPhase section */
		04DF7B8F2AB03C620080BC1A /* Sources */ = {
			isa = PBXSourcesBuildPhase;
			buildActionMask = 2147483647;
			files = (
				042397B82AB24B9E00BCF017 /* ChatsVC.swift in Sources */,
				040C3EFB2ABA37D500354094 /* NewConversationCell.swift in Sources */,
				04DF7BC22AB062B60080BC1A /* ConversationVC.swift in Sources */,
				04DF7BBA2AB0530F0080BC1A /* UIViewController+Extension.swift in Sources */,
				04DD71B42ABC701600C4098E /* Media.swift in Sources */,
				0420074F2AB1BB0000C9F983 /* DatabaseManager.swift in Sources */,
				04DF7BC02AB05B6D0080BC1A /* RegisterVC.swift in Sources */,
				04DF7B9B2AB03C620080BC1A /* LoginVC.swift in Sources */,
				042397BA2AB26B1800BCF017 /* Messages.swift in Sources */,
				04DF7BB82AB052F20080BC1A /* Colors.swift in Sources */,
				042397BC2AB26C1800BCF017 /* Sender.swift in Sources */,
				04DF7B972AB03C620080BC1A /* AppDelegate.swift in Sources */,
				04DF7BB52AB052B70080BC1A /* UIView+Extension.swift in Sources */,
				04DD71B22ABC6ECC00C4098E /* SearchResult.swift in Sources */,
				04DF7B992AB03C620080BC1A /* SceneDelegate.swift in Sources */,
				042DFBD42ABAB58E006458FD /* Location.swift in Sources */,
				043ED0662AB825C400E535CD /* ConversationTableViewCell.swift in Sources */,
				042DFBD82ABACD9C006458FD /* ProfileViewModel.swift in Sources */,
				042397BE2AB2731900BCF017 /* NewConversationVC.swift in Sources */,
				041A30C02AB210D1008820AB /* ProfileVC.swift in Sources */,
				04DF7BBE2AB053740080BC1A /* CommonHelper.swift in Sources */,
				042DFBD62ABAB6D7006458FD /* LocationPickerVC.swift in Sources */,
				04105FC52AB34CF800CEDFA4 /* StorageManager.swift in Sources */,
				04DD71B02ABC6E5400C4098E /* ConversationsModels.swift in Sources */,
				040C3EF72AB95F8600354094 /* PhotoVC.swift in Sources */,
			);
			runOnlyForDeploymentPostprocessing = 0;
		};
/* End PBXSourcesBuildPhase section */

/* Begin PBXVariantGroup section */
		04DF7B9C2AB03C620080BC1A /* Main.storyboard */ = {
			isa = PBXVariantGroup;
			children = (
				04DF7B9D2AB03C620080BC1A /* Base */,
			);
			name = Main.storyboard;
			sourceTree = "<group>";
		};
		04DF7BA12AB03C650080BC1A /* LaunchScreen.storyboard */ = {
			isa = PBXVariantGroup;
			children = (
				04DF7BA22AB03C650080BC1A /* Base */,
			);
			name = LaunchScreen.storyboard;
			sourceTree = "<group>";
		};
/* End PBXVariantGroup section */

/* Begin XCBuildConfiguration section */
		04DF7BA52AB03C650080BC1A /* Debug */ = {
			isa = XCBuildConfiguration;
			buildSettings = {
				ALWAYS_SEARCH_USER_PATHS = NO;
				CLANG_ANALYZER_NONNULL = YES;
				CLANG_ANALYZER_NUMBER_OBJECT_CONVERSION = YES_AGGRESSIVE;
				CLANG_CXX_LANGUAGE_STANDARD = "gnu++20";
				CLANG_ENABLE_MODULES = YES;
				CLANG_ENABLE_OBJC_ARC = YES;
				CLANG_ENABLE_OBJC_WEAK = YES;
				CLANG_WARN_BLOCK_CAPTURE_AUTORELEASING = YES;
				CLANG_WARN_BOOL_CONVERSION = YES;
				CLANG_WARN_COMMA = YES;
				CLANG_WARN_CONSTANT_CONVERSION = YES;
				CLANG_WARN_DEPRECATED_OBJC_IMPLEMENTATIONS = YES;
				CLANG_WARN_DIRECT_OBJC_ISA_USAGE = YES_ERROR;
				CLANG_WARN_DOCUMENTATION_COMMENTS = YES;
				CLANG_WARN_EMPTY_BODY = YES;
				CLANG_WARN_ENUM_CONVERSION = YES;
				CLANG_WARN_INFINITE_RECURSION = YES;
				CLANG_WARN_INT_CONVERSION = YES;
				CLANG_WARN_NON_LITERAL_NULL_CONVERSION = YES;
				CLANG_WARN_OBJC_IMPLICIT_RETAIN_SELF = YES;
				CLANG_WARN_OBJC_LITERAL_CONVERSION = YES;
				CLANG_WARN_OBJC_ROOT_CLASS = YES_ERROR;
				CLANG_WARN_QUOTED_INCLUDE_IN_FRAMEWORK_HEADER = YES;
				CLANG_WARN_RANGE_LOOP_ANALYSIS = YES;
				CLANG_WARN_STRICT_PROTOTYPES = YES;
				CLANG_WARN_SUSPICIOUS_MOVE = YES;
				CLANG_WARN_UNGUARDED_AVAILABILITY = YES_AGGRESSIVE;
				CLANG_WARN_UNREACHABLE_CODE = YES;
				CLANG_WARN__DUPLICATE_METHOD_MATCH = YES;
				COPY_PHASE_STRIP = NO;
				DEBUG_INFORMATION_FORMAT = dwarf;
				ENABLE_STRICT_OBJC_MSGSEND = YES;
				ENABLE_TESTABILITY = YES;
				GCC_C_LANGUAGE_STANDARD = gnu11;
				GCC_DYNAMIC_NO_PIC = NO;
				GCC_NO_COMMON_BLOCKS = YES;
				GCC_OPTIMIZATION_LEVEL = 0;
				GCC_PREPROCESSOR_DEFINITIONS = (
					"DEBUG=1",
					"$(inherited)",
				);
				GCC_WARN_64_TO_32_BIT_CONVERSION = YES;
				GCC_WARN_ABOUT_RETURN_TYPE = YES_ERROR;
				GCC_WARN_UNDECLARED_SELECTOR = YES;
				GCC_WARN_UNINITIALIZED_AUTOS = YES_AGGRESSIVE;
				GCC_WARN_UNUSED_FUNCTION = YES;
				GCC_WARN_UNUSED_VARIABLE = YES;
				IPHONEOS_DEPLOYMENT_TARGET = 16.1;
				MTL_ENABLE_DEBUG_INFO = INCLUDE_SOURCE;
				MTL_FAST_MATH = YES;
				ONLY_ACTIVE_ARCH = YES;
				SDKROOT = iphoneos;
				SWIFT_ACTIVE_COMPILATION_CONDITIONS = DEBUG;
				SWIFT_OPTIMIZATION_LEVEL = "-Onone";
			};
			name = Debug;
		};
		04DF7BA62AB03C650080BC1A /* Release */ = {
			isa = XCBuildConfiguration;
			buildSettings = {
				ALWAYS_SEARCH_USER_PATHS = NO;
				CLANG_ANALYZER_NONNULL = YES;
				CLANG_ANALYZER_NUMBER_OBJECT_CONVERSION = YES_AGGRESSIVE;
				CLANG_CXX_LANGUAGE_STANDARD = "gnu++20";
				CLANG_ENABLE_MODULES = YES;
				CLANG_ENABLE_OBJC_ARC = YES;
				CLANG_ENABLE_OBJC_WEAK = YES;
				CLANG_WARN_BLOCK_CAPTURE_AUTORELEASING = YES;
				CLANG_WARN_BOOL_CONVERSION = YES;
				CLANG_WARN_COMMA = YES;
				CLANG_WARN_CONSTANT_CONVERSION = YES;
				CLANG_WARN_DEPRECATED_OBJC_IMPLEMENTATIONS = YES;
				CLANG_WARN_DIRECT_OBJC_ISA_USAGE = YES_ERROR;
				CLANG_WARN_DOCUMENTATION_COMMENTS = YES;
				CLANG_WARN_EMPTY_BODY = YES;
				CLANG_WARN_ENUM_CONVERSION = YES;
				CLANG_WARN_INFINITE_RECURSION = YES;
				CLANG_WARN_INT_CONVERSION = YES;
				CLANG_WARN_NON_LITERAL_NULL_CONVERSION = YES;
				CLANG_WARN_OBJC_IMPLICIT_RETAIN_SELF = YES;
				CLANG_WARN_OBJC_LITERAL_CONVERSION = YES;
				CLANG_WARN_OBJC_ROOT_CLASS = YES_ERROR;
				CLANG_WARN_QUOTED_INCLUDE_IN_FRAMEWORK_HEADER = YES;
				CLANG_WARN_RANGE_LOOP_ANALYSIS = YES;
				CLANG_WARN_STRICT_PROTOTYPES = YES;
				CLANG_WARN_SUSPICIOUS_MOVE = YES;
				CLANG_WARN_UNGUARDED_AVAILABILITY = YES_AGGRESSIVE;
				CLANG_WARN_UNREACHABLE_CODE = YES;
				CLANG_WARN__DUPLICATE_METHOD_MATCH = YES;
				COPY_PHASE_STRIP = NO;
				DEBUG_INFORMATION_FORMAT = "dwarf-with-dsym";
				ENABLE_NS_ASSERTIONS = NO;
				ENABLE_STRICT_OBJC_MSGSEND = YES;
				GCC_C_LANGUAGE_STANDARD = gnu11;
				GCC_NO_COMMON_BLOCKS = YES;
				GCC_WARN_64_TO_32_BIT_CONVERSION = YES;
				GCC_WARN_ABOUT_RETURN_TYPE = YES_ERROR;
				GCC_WARN_UNDECLARED_SELECTOR = YES;
				GCC_WARN_UNINITIALIZED_AUTOS = YES_AGGRESSIVE;
				GCC_WARN_UNUSED_FUNCTION = YES;
				GCC_WARN_UNUSED_VARIABLE = YES;
				IPHONEOS_DEPLOYMENT_TARGET = 16.1;
				MTL_ENABLE_DEBUG_INFO = NO;
				MTL_FAST_MATH = YES;
				SDKROOT = iphoneos;
				SWIFT_COMPILATION_MODE = wholemodule;
				SWIFT_OPTIMIZATION_LEVEL = "-O";
				VALIDATE_PRODUCT = YES;
			};
			name = Release;
		};
		04DF7BA82AB03C650080BC1A /* Debug */ = {
			isa = XCBuildConfiguration;
			baseConfigurationReference = 9EE4F144C2A37C143CDCFC3F /* Pods-FlashChat.debug.xcconfig */;
			buildSettings = {
				ASSETCATALOG_COMPILER_APPICON_NAME = AppIcon;
				ASSETCATALOG_COMPILER_GLOBAL_ACCENT_COLOR_NAME = AccentColor;
				CODE_SIGN_STYLE = Automatic;
				CURRENT_PROJECT_VERSION = 1;
				GENERATE_INFOPLIST_FILE = YES;
				INFOPLIST_FILE = FlashChat/Info.plist;
				INFOPLIST_KEY_UIApplicationSupportsIndirectInputEvents = YES;
				INFOPLIST_KEY_UILaunchStoryboardName = LaunchScreen;
				INFOPLIST_KEY_UIMainStoryboardFile = Main;
				INFOPLIST_KEY_UISupportedInterfaceOrientations = "UIInterfaceOrientationLandscapeLeft UIInterfaceOrientationLandscapeRight UIInterfaceOrientationPortrait";
				INFOPLIST_KEY_UISupportedInterfaceOrientations_iPad = "UIInterfaceOrientationLandscapeLeft UIInterfaceOrientationLandscapeRight UIInterfaceOrientationPortrait UIInterfaceOrientationPortraitUpsideDown";
				LD_RUNPATH_SEARCH_PATHS = (
					"$(inherited)",
					"@executable_path/Frameworks",
				);
				MARKETING_VERSION = 1.0;
				PRODUCT_BUNDLE_IDENTIFIER = "-com.omarh.FlashChat";
				PRODUCT_NAME = "$(TARGET_NAME)";
				SWIFT_EMIT_LOC_STRINGS = YES;
				SWIFT_VERSION = 5.0;
				TARGETED_DEVICE_FAMILY = "1,2";
			};
			name = Debug;
		};
		04DF7BA92AB03C650080BC1A /* Release */ = {
			isa = XCBuildConfiguration;
			baseConfigurationReference = AFEBA4EC8A0D66DC8C3F1B12 /* Pods-FlashChat.release.xcconfig */;
			buildSettings = {
				ASSETCATALOG_COMPILER_APPICON_NAME = AppIcon;
				ASSETCATALOG_COMPILER_GLOBAL_ACCENT_COLOR_NAME = AccentColor;
				CODE_SIGN_STYLE = Automatic;
				CURRENT_PROJECT_VERSION = 1;
				GENERATE_INFOPLIST_FILE = YES;
				INFOPLIST_FILE = FlashChat/Info.plist;
				INFOPLIST_KEY_UIApplicationSupportsIndirectInputEvents = YES;
				INFOPLIST_KEY_UILaunchStoryboardName = LaunchScreen;
				INFOPLIST_KEY_UIMainStoryboardFile = Main;
				INFOPLIST_KEY_UISupportedInterfaceOrientations = "UIInterfaceOrientationLandscapeLeft UIInterfaceOrientationLandscapeRight UIInterfaceOrientationPortrait";
				INFOPLIST_KEY_UISupportedInterfaceOrientations_iPad = "UIInterfaceOrientationLandscapeLeft UIInterfaceOrientationLandscapeRight UIInterfaceOrientationPortrait UIInterfaceOrientationPortraitUpsideDown";
				LD_RUNPATH_SEARCH_PATHS = (
					"$(inherited)",
					"@executable_path/Frameworks",
				);
				MARKETING_VERSION = 1.0;
				PRODUCT_BUNDLE_IDENTIFIER = "-com.omarh.FlashChat";
				PRODUCT_NAME = "$(TARGET_NAME)";
				SWIFT_EMIT_LOC_STRINGS = YES;
				SWIFT_VERSION = 5.0;
				TARGETED_DEVICE_FAMILY = "1,2";
			};
			name = Release;
		};
/* End XCBuildConfiguration section */

/* Begin XCConfigurationList section */
		04DF7B8E2AB03C620080BC1A /* Build configuration list for PBXProject "FlashChat" */ = {
			isa = XCConfigurationList;
			buildConfigurations = (
				04DF7BA52AB03C650080BC1A /* Debug */,
				04DF7BA62AB03C650080BC1A /* Release */,
			);
			defaultConfigurationIsVisible = 0;
			defaultConfigurationName = Release;
		};
		04DF7BA72AB03C650080BC1A /* Build configuration list for PBXNativeTarget "FlashChat" */ = {
			isa = XCConfigurationList;
			buildConfigurations = (
				04DF7BA82AB03C650080BC1A /* Debug */,
				04DF7BA92AB03C650080BC1A /* Release */,
			);
			defaultConfigurationIsVisible = 0;
			defaultConfigurationName = Release;
		};
/* End XCConfigurationList section */
	};
	rootObject = 04DF7B8B2AB03C620080BC1A /* Project object */;
}
